
Microsoft Visual Studio Solution File, Format Version 12.00
# Visual Studio Version 16
VisualStudioVersion = 16.0.28729.10
MinimumVisualStudioVersion = 10.0.40219.1
Project("{FAE04EC0-301F-11D3-BF4B-00C04F79EFBC}") = "Graphs", "Graphs\Graphs.csproj", "{4E158E20-F600-4C18-867D-C91FA5E8FF40}"
EndProject
Project("{FAE04EC0-301F-11D3-BF4B-00C04F79EFBC}") = "Algorithms", "Algorithms\Algorithms.csproj", "{16234779-7C45-4877-AC7E-378E15855C43}"
EndProject
Project("{FAE04EC0-301F-11D3-BF4B-00C04F79EFBC}") = "DataStructures", "DataStructures\DataStructures.csproj", "{39C0082E-53DC-4223-A67D-04C3E3B9C0D7}"
EndProject
Global
	GlobalSection(SolutionConfigurationPlatforms) = preSolution
		Debug|Any CPU = Debug|Any CPU
		Release|Any CPU = Release|Any CPU
	EndGlobalSection
	GlobalSection(ProjectConfigurationPlatforms) = postSolution
		{4E158E20-F600-4C18-867D-C91FA5E8FF40}.Debug|Any CPU.ActiveCfg = Debug|Any CPU
		{4E158E20-F600-4C18-867D-C91FA5E8FF40}.Debug|Any CPU.Build.0 = Debug|Any CPU
		{4E158E20-F600-4C18-867D-C91FA5E8FF40}.Release|Any CPU.ActiveCfg = Release|Any CPU
		{4E158E20-F600-4C18-867D-C91FA5E8FF40}.Release|Any CPU.Build.0 = Release|Any CPU
		{16234779-7C45-4877-AC7E-378E15855C43}.Debug|Any CPU.ActiveCfg = Debug|Any CPU
		{16234779-7C45-4877-AC7E-378E15855C43}.Debug|Any CPU.Build.0 = Debug|Any CPU
		{16234779-7C45-4877-AC7E-378E15855C43}.Release|Any CPU.ActiveCfg = Release|Any CPU
		{16234779-7C45-4877-AC7E-378E15855C43}.Release|Any CPU.Build.0 = Release|Any CPU
		{39C0082E-53DC-4223-A67D-04C3E3B9C0D7}.Debug|Any CPU.ActiveCfg = Debug|Any CPU
		{39C0082E-53DC-4223-A67D-04C3E3B9C0D7}.Debug|Any CPU.Build.0 = Debug|Any CPU
		{39C0082E-53DC-4223-A67D-04C3E3B9C0D7}.Release|Any CPU.ActiveCfg = Release|Any CPU
		{39C0082E-53DC-4223-A67D-04C3E3B9C0D7}.Release|Any CPU.Build.0 = Release|Any CPU
	EndGlobalSection
	GlobalSection(SolutionProperties) = preSolution
		HideSolutionNode = FALSE
	EndGlobalSection
	GlobalSection(ExtensibilityGlobals) = postSolution
		SolutionGuid = {361E041B-AF21-40AE-B79F-E228BCB7667A}
	EndGlobalSection
EndGlobal
